{
    "_meta": {
        "hash": {
            "sha256": "107484d5bc97797cc9f9eb285c66b45a60c4277ab3d3739851655022ea126626"
        },
        "pipfile-spec": 6,
        "requires": {
            "python_version": "3.12"
        },
        "sources": [
            {
                "name": "pypi",
                "url": "https://pypi.org/simple",
                "verify_ssl": true
            }
        ]
    },
    "default": {
        "asgiref": {
            "hashes": [
                "sha256:59dcb51c272ad209d59bed5708a64a333083e86017d7fcdd67498eeab7784340",
                "sha256:fe386d1c2bff7259ea95929266d12a8cf9a8b5a1c2598402967d8792e7a7c094"
            ],
            "markers": "python_version >= '3.10'",
            "version": "==3.12.1"
        },
        "diff-match-patch": {
            "version": "==20241021"
        },
        "django": {
            "hashes": [
                "sha256:04f354bf9d807a86ad1a8392fe3808d362358a8eafc322848e0e43e59b24371d",
                "sha256:59ea02020c3136fce14bef0bbece21a10a4febef5eed1c51c22ae468efa22200"
            ],
            "index": "pypi",
            "markers": "python_version >= '3.10'",
            "version": "==5.2.16"
        },
        "django-import-export": {
            "version": "==4.4.0"
        },
        "sqlparse": {
            "hashes": [
                "sha256:113c35c75365ab9cc9c7231d68c6428fb11c085fc8e9eb1ad659b7ddbf6cd2b9",
                "sha256:b861c0288ce2fa56209a9a6412d2e066ac664b3873b89c26c9d8415e8e32996f"
            ],
            "markers": "python_version >= '3.10'",
            "version": "==0.6.0"
        },
        "tablib": {
            "version": "==3.9.0"
        },
        "tzdata": {
            "version": "==2025.2"
        },
        "whitenoise": {
            "version": "==6.12.0"
        }
    },
    "develop": {}
}
